// !$*UTF8*$!
{
	archiveVersion = 1;
	classes = {
	};
	objectVersion = 50;
	objects = {

/* Begin PBXBuildFile section */
		8015BEA02215445400D59255 /* TTTestView.m in Sources */ = {isa = PBXBuildFile; fileRef = 8015BE9F2215445400D59255 /* TTTestView.m */; };
		8090FA7220E9D6790056946D /* NSLayoutConstraint+MASDebugAdditions.m in Sources */ = {isa = PBXBuildFile; fileRef = 8090FA5A20E9D6790056946D /* NSLayoutConstraint+MASDebugAdditions.m */; };
		8090FA7320E9D6790056946D /* ViewController+MASAdditions.m in Sources */ = {isa = PBXBuildFile; fileRef = 8090FA6320E9D6790056946D /* ViewController+MASAdditions.m */; };
		8090FA7420E9D6790056946D /* MASCompositeConstraint.m in Sources */ = {isa = PBXBuildFile; fileRef = 8090FA6720E9D6790056946D /* MASCompositeConstraint.m */; };
		8090FA7520E9D6790056946D /* MASConstraintMaker.m in Sources */ = {isa = PBXBuildFile; fileRef = 8090FA6820E9D6790056946D /* MASConstraintMaker.m */; };
		8090FA7620E9D6790056946D /* MASLayoutConstraint.m in Sources */ = {isa = PBXBuildFile; fileRef = 8090FA6920E9D6790056946D /* MASLayoutConstraint.m */; };
		8090FA7720E9D6790056946D /* NSArray+MASAdditions.m in Sources */ = {isa = PBXBuildFile; fileRef = 8090FA6A20E9D6790056946D /* NSArray+MASAdditions.m */; };
		8090FA7820E9D6790056946D /* View+MASAdditions.m in Sources */ = {isa = PBXBuildFile; fileRef = 8090FA6B20E9D6790056946D /* View+MASAdditions.m */; };
		8090FA7920E9D6790056946D /* MASConstraint.m in Sources */ = {isa = PBXBuildFile; fileRef = 8090FA6E20E9D6790056946D /* MASConstraint.m */; };
		8090FA7A20E9D6790056946D /* MASViewConstraint.m in Sources */ = {isa = PBXBuildFile; fileRef = 8090FA7020E9D6790056946D /* MASViewConstraint.m */; };
		8090FA7B20E9D6790056946D /* MASViewAttribute.m in Sources */ = {isa = PBXBuildFile; fileRef = 8090FA7120E9D6790056946D /* MASViewAttribute.m */; };
		8090FA8220E9D82D0056946D /* NSObject+YYModel.m in Sources */ = {isa = PBXBuildFile; fileRef = 8090FA7F20E9D82D0056946D /* NSObject+YYModel.m */; };
		8090FA8320E9D82D0056946D /* YYClassInfo.m in Sources */ = {isa = PBXBuildFile; fileRef = 8090FA8020E9D82D0056946D /* YYClassInfo.m */; };
		8090FABD20EA0DC60056946D /* TTUtility.m in Sources */ = {isa = PBXBuildFile; fileRef = 8090FAAC20EA0DC60056946D /* TTUtility.m */; };
		8090FABE20EA0DC60056946D /* TTConstant.m in Sources */ = {isa = PBXBuildFile; fileRef = 8090FAAF20EA0DC60056946D /* TTConstant.m */; };
		8090FABF20EA0DC60056946D /* TTPlaceholderTextView.m in Sources */ = {isa = PBXBuildFile; fileRef = 8090FAB020EA0DC60056946D /* TTPlaceholderTextView.m */; };
		8090FAC220EA10F00056946D /* TTAppDelegate+GlobalAction.m in Sources */ = {isa = PBXBuildFile; fileRef = 8090FAC120EA10F00056946D /* TTAppDelegate+GlobalAction.m */; };
		8090FAC720EA288C0056946D /* UIFont+TTSystem.m in Sources */ = {isa = PBXBuildFile; fileRef = 8090FAC620EA288C0056946D /* UIFont+TTSystem.m */; };
		8090FACB20EA2E730056946D /* MBProgressHUD.m in Sources */ = {isa = PBXBuildFile; fileRef = 8090FAC920EA2E730056946D /* MBProgressHUD.m */; };
		80AEF1D720E4CB1D0028FDB1 /* TTAppDelegate.m in Sources */ = {isa = PBXBuildFile; fileRef = 80AEF1D620E4CB1D0028FDB1 /* TTAppDelegate.m */; };
		80AEF1DB20E4E1B00028FDB1 /* TTNavigationController.m in Sources */ = {isa = PBXBuildFile; fileRef = 80AEF1DA20E4E1B00028FDB1 /* TTNavigationController.m */; };
		80AEF1DE20E4E3DB0028FDB1 /* TTTabBarController.m in Sources */ = {isa = PBXBuildFile; fileRef = 80AEF1DD20E4E3DB0028FDB1 /* TTTabBarController.m */; };
		80AEF1E120E4E4370028FDB1 /* TTBaseViewController.m in Sources */ = {isa = PBXBuildFile; fileRef = 80AEF1E020E4E4370028FDB1 /* TTBaseViewController.m */; };
		80AEF1E420E4E7370028FDB1 /* TTBaseView.m in Sources */ = {isa = PBXBuildFile; fileRef = 80AEF1E320E4E7370028FDB1 /* TTBaseView.m */; };
		80AEF1E920E4E8650028FDB1 /* FirstViewController.m in Sources */ = {isa = PBXBuildFile; fileRef = 80AEF1E720E4E8650028FDB1 /* FirstViewController.m */; };
		80AEF1EA20E4E8650028FDB1 /* FirstViewController.xib in Resources */ = {isa = PBXBuildFile; fileRef = 80AEF1E820E4E8650028FDB1 /* FirstViewController.xib */; };
		80FD763320BEAB6500811327 /* Assets.xcassets in Resources */ = {isa = PBXBuildFile; fileRef = 80FD763220BEAB6500811327 /* Assets.xcassets */; };
		80FD763620BEAB6500811327 /* LaunchScreen.storyboard in Resources */ = {isa = PBXBuildFile; fileRef = 80FD763420BEAB6500811327 /* LaunchScreen.storyboard */; };
		80FD763920BEAB6500811327 /* main.m in Sources */ = {isa = PBXBuildFile; fileRef = 80FD763820BEAB6500811327 /* main.m */; };
		80FD764320BEAB6500811327 /* ToolsTests.m in Sources */ = {isa = PBXBuildFile; fileRef = 80FD764220BEAB6500811327 /* ToolsTests.m */; };
		80FD764E20BEAB6500811327 /* ToolsUITests.m in Sources */ = {isa = PBXBuildFile; fileRef = 80FD764D20BEAB6500811327 /* ToolsUITests.m */; };
/* End PBXBuildFile section */

/* Begin PBXContainerItemProxy section */
		80FD763F20BEAB6500811327 /* PBXContainerItemProxy */ = {
			isa = PBXContainerItemProxy;
			containerPortal = 80FD761E20BEAB6300811327 /* Project object */;
			proxyType = 1;
			remoteGlobalIDString = 80FD762520BEAB6300811327;
			remoteInfo = Tools;
		};
		80FD764A20BEAB6500811327 /* PBXContainerItemProxy */ = {
			isa = PBXContainerItemProxy;
			containerPortal = 80FD761E20BEAB6300811327 /* Project object */;
			proxyType = 1;
			remoteGlobalIDString = 80FD762520BEAB6300811327;
			remoteInfo = Tools;
		};
/* End PBXContainerItemProxy section */

/* Begin PBXFileReference section */
		8015BE9E2215445400D59255 /* TTTestView.h */ = {isa = PBXFileReference; lastKnownFileType = sourcecode.c.h; path = TTTestView.h; sourceTree = "<group>"; };
		8015BE9F2215445400D59255 /* TTTestView.m */ = {isa = PBXFileReference; lastKnownFileType = sourcecode.c.objc; path = TTTestView.m; sourceTree = "<group>"; };
		8090FA5920E9D6790056946D /* MASCompositeConstraint.h */ = {isa = PBXFileReference; fileEncoding = 4; lastKnownFileType = sourcecode.c.h; path = MASCompositeConstraint.h; sourceTree = "<group>"; };
		8090FA5A20E9D6790056946D /* NSLayoutConstraint+MASDebugAdditions.m */ = {isa = PBXFileReference; fileEncoding = 4; lastKnownFileType = sourcecode.c.objc; path = "NSLayoutConstraint+MASDebugAdditions.m"; sourceTree = "<group>"; };
		8090FA5B20E9D6790056946D /* MASConstraint+Private.h */ = {isa = PBXFileReference; fileEncoding = 4; lastKnownFileType = sourcecode.c.h; path = "MASConstraint+Private.h"; sourceTree = "<group>"; };
		8090FA5C20E9D6790056946D /* MASLayoutConstraint.h */ = {isa = PBXFileReference; fileEncoding = 4; lastKnownFileType = sourcecode.c.h; path = MASLayoutConstraint.h; sourceTree = "<group>"; };
		8090FA5D20E9D6790056946D /* NSArray+MASShorthandAdditions.h */ = {isa = PBXFileReference; fileEncoding = 4; lastKnownFileType = sourcecode.c.h; path = "NSArray+MASShorthandAdditions.h"; sourceTree = "<group>"; };
		8090FA5E20E9D6790056946D /* MASConstraintMaker.h */ = {isa = PBXFileReference; fileEncoding = 4; lastKnownFileType = sourcecode.c.h; path = MASConstraintMaker.h; sourceTree = "<group>"; };
		8090FA5F20E9D6790056946D /* View+MASAdditions.h */ = {isa = PBXFileReference; fileEncoding = 4; lastKnownFileType = sourcecode.c.h; path = "View+MASAdditions.h"; sourceTree = "<group>"; };
		8090FA6020E9D6790056946D /* NSArray+MASAdditions.h */ = {isa = PBXFileReference; fileEncoding = 4; lastKnownFileType = sourcecode.c.h; path = "NSArray+MASAdditions.h"; sourceTree = "<group>"; };
		8090FA6120E9D6790056946D /* MASUtilities.h */ = {isa = PBXFileReference; fileEncoding = 4; lastKnownFileType = sourcecode.c.h; path = MASUtilities.h; sourceTree = "<group>"; };
		8090FA6220E9D6790056946D /* MASViewAttribute.h */ = {isa = PBXFileReference; fileEncoding = 4; lastKnownFileType = sourcecode.c.h; path = MASViewAttribute.h; sourceTree = "<group>"; };
		8090FA6320E9D6790056946D /* ViewController+MASAdditions.m */ = {isa = PBXFileReference; fileEncoding = 4; lastKnownFileType = sourcecode.c.objc; path = "ViewController+MASAdditions.m"; sourceTree = "<group>"; };
		8090FA6420E9D6790056946D /* MASViewConstraint.h */ = {isa = PBXFileReference; fileEncoding = 4; lastKnownFileType = sourcecode.c.h; path = MASViewConstraint.h; sourceTree = "<group>"; };
		8090FA6520E9D6790056946D /* MASConstraint.h */ = {isa = PBXFileReference; fileEncoding = 4; lastKnownFileType = sourcecode.c.h; path = MASConstraint.h; sourceTree = "<group>"; };
		8090FA6620E9D6790056946D /* NSLayoutConstraint+MASDebugAdditions.h */ = {isa = PBXFileReference; fileEncoding = 4; lastKnownFileType = sourcecode.c.h; path = "NSLayoutConstraint+MASDebugAdditions.h"; sourceTree = "<group>"; };
		8090FA6720E9D6790056946D /* MASCompositeConstraint.m */ = {isa = PBXFileReference; fileEncoding = 4; lastKnownFileType = sourcecode.c.objc; path = MASCompositeConstraint.m; sourceTree = "<group>"; };
		8090FA6820E9D6790056946D /* MASConstraintMaker.m */ = {isa = PBXFileReference; fileEncoding = 4; lastKnownFileType = sourcecode.c.objc; path = MASConstraintMaker.m; sourceTree = "<group>"; };
		8090FA6920E9D6790056946D /* MASLayoutConstraint.m */ = {isa = PBXFileReference; fileEncoding = 4; lastKnownFileType = sourcecode.c.objc; path = MASLayoutConstraint.m; sourceTree = "<group>"; };
		8090FA6A20E9D6790056946D /* NSArray+MASAdditions.m */ = {isa = PBXFileReference; fileEncoding = 4; lastKnownFileType = sourcecode.c.objc; path = "NSArray+MASAdditions.m"; sourceTree = "<group>"; };
		8090FA6B20E9D6790056946D /* View+MASAdditions.m */ = {isa = PBXFileReference; fileEncoding = 4; lastKnownFileType = sourcecode.c.objc; path = "View+MASAdditions.m"; sourceTree = "<group>"; };
		8090FA6C20E9D6790056946D /* View+MASShorthandAdditions.h */ = {isa = PBXFileReference; fileEncoding = 4; lastKnownFileType = sourcecode.c.h; path = "View+MASShorthandAdditions.h"; sourceTree = "<group>"; };
		8090FA6D20E9D6790056946D /* Masonry.h */ = {isa = PBXFileReference; fileEncoding = 4; lastKnownFileType = sourcecode.c.h; path = Masonry.h; sourceTree = "<group>"; };
		8090FA6E20E9D6790056946D /* MASConstraint.m */ = {isa = PBXFileReference; fileEncoding = 4; lastKnownFileType = sourcecode.c.objc; path = MASConstraint.m; sourceTree = "<group>"; };
		8090FA6F20E9D6790056946D /* ViewController+MASAdditions.h */ = {isa = PBXFileReference; fileEncoding = 4; lastKnownFileType = sourcecode.c.h; path = "ViewController+MASAdditions.h"; sourceTree = "<group>"; };
		8090FA7020E9D6790056946D /* MASViewConstraint.m */ = {isa = PBXFileReference; fileEncoding = 4; lastKnownFileType = sourcecode.c.objc; path = MASViewConstraint.m; sourceTree = "<group>"; };
		8090FA7120E9D6790056946D /* MASViewAttribute.m */ = {isa = PBXFileReference; fileEncoding = 4; lastKnownFileType = sourcecode.c.objc; path = MASViewAttribute.m; sourceTree = "<group>"; };
		8090FA7D20E9D82D0056946D /* YYClassInfo.h */ = {isa = PBXFileReference; fileEncoding = 4; lastKnownFileType = sourcecode.c.h; path = YYClassInfo.h; sourceTree = "<group>"; };
		8090FA7E20E9D82D0056946D /* YYModel.h */ = {isa = PBXFileReference; fileEncoding = 4; lastKnownFileType = sourcecode.c.h; path = YYModel.h; sourceTree = "<group>"; };
		8090FA7F20E9D82D0056946D /* NSObject+YYModel.m */ = {isa = PBXFileReference; fileEncoding = 4; lastKnownFileType = sourcecode.c.objc; path = "NSObject+YYModel.m"; sourceTree = "<group>"; };
		8090FA8020E9D82D0056946D /* YYClassInfo.m */ = {isa = PBXFileReference; fileEncoding = 4; lastKnownFileType = sourcecode.c.objc; path = YYClassInfo.m; sourceTree = "<group>"; };
		8090FA8120E9D82D0056946D /* NSObject+YYModel.h */ = {isa = PBXFileReference; fileEncoding = 4; lastKnownFileType = sourcecode.c.h; path = "NSObject+YYModel.h"; sourceTree = "<group>"; };
		8090FAAB20EA0DC60056946D /* TTConstant.h */ = {isa = PBXFileReference; fileEncoding = 4; lastKnownFileType = sourcecode.c.h; path = TTConstant.h; sourceTree = "<group>"; };
		8090FAAC20EA0DC60056946D /* TTUtility.m */ = {isa = PBXFileReference; fileEncoding = 4; lastKnownFileType = sourcecode.c.objc; path = TTUtility.m; sourceTree = "<group>"; };
		8090FAAD20EA0DC60056946D /* TTPlaceholderTextView.h */ = {isa = PBXFileReference; fileEncoding = 4; lastKnownFileType = sourcecode.c.h; path = TTPlaceholderTextView.h; sourceTree = "<group>"; };
		8090FAAE20EA0DC60056946D /* TTUtility.h */ = {isa = PBXFileReference; fileEncoding = 4; lastKnownFileType = sourcecode.c.h; path = TTUtility.h; sourceTree = "<group>"; };
		8090FAAF20EA0DC60056946D /* TTConstant.m */ = {isa = PBXFileReference; fileEncoding = 4; lastKnownFileType = sourcecode.c.objc; path = TTConstant.m; sourceTree = "<group>"; };
		8090FAB020EA0DC60056946D /* TTPlaceholderTextView.m */ = {isa = PBXFileReference; fileEncoding = 4; lastKnownFileType = sourcecode.c.objc; path = TTPlaceholderTextView.m; sourceTree = "<group>"; };
		8090FAC020EA10F00056946D /* TTAppDelegate+GlobalAction.h */ = {isa = PBXFileReference; lastKnownFileType = sourcecode.c.h; path = "TTAppDelegate+GlobalAction.h"; sourceTree = "<group>"; };
		8090FAC120EA10F00056946D /* TTAppDelegate+GlobalAction.m */ = {isa = PBXFileReference; lastKnownFileType = sourcecode.c.objc; path = "TTAppDelegate+GlobalAction.m"; sourceTree = "<group>"; };
		8090FAC520EA288C0056946D /* UIFont+TTSystem.h */ = {isa = PBXFileReference; lastKnownFileType = sourcecode.c.h; path = "UIFont+TTSystem.h"; sourceTree = "<group>"; };
		8090FAC620EA288C0056946D /* UIFont+TTSystem.m */ = {isa = PBXFileReference; lastKnownFileType = sourcecode.c.objc; path = "UIFont+TTSystem.m"; sourceTree = "<group>"; };
		8090FAC920EA2E730056946D /* MBProgressHUD.m */ = {isa = PBXFileReference; fileEncoding = 4; lastKnownFileType = sourcecode.c.objc; path = MBProgressHUD.m; sourceTree = "<group>"; };
		8090FACA20EA2E730056946D /* MBProgressHUD.h */ = {isa = PBXFileReference; fileEncoding = 4; lastKnownFileType = sourcecode.c.h; path = MBProgressHUD.h; sourceTree = "<group>"; };
		80AEF1D020E4C5220028FDB1 /* TTMacro.pch */ = {isa = PBXFileReference; lastKnownFileType = sourcecode.c.h; path = TTMacro.pch; sourceTree = "<group>"; };
		80AEF1D520E4CB1D0028FDB1 /* TTAppDelegate.h */ = {isa = PBXFileReference; lastKnownFileType = sourcecode.c.h; path = TTAppDelegate.h; sourceTree = "<group>"; };
		80AEF1D620E4CB1D0028FDB1 /* TTAppDelegate.m */ = {isa = PBXFileReference; lastKnownFileType = sourcecode.c.objc; path = TTAppDelegate.m; sourceTree = "<group>"; };
		80AEF1D920E4E1B00028FDB1 /* TTNavigationController.h */ = {isa = PBXFileReference; lastKnownFileType = sourcecode.c.h; path = TTNavigationController.h; sourceTree = "<group>"; };
		80AEF1DA20E4E1B00028FDB1 /* TTNavigationController.m */ = {isa = PBXFileReference; lastKnownFileType = sourcecode.c.objc; path = TTNavigationController.m; sourceTree = "<group>"; };
		80AEF1DC20E4E3DB0028FDB1 /* TTTabBarController.h */ = {isa = PBXFileReference; lastKnownFileType = sourcecode.c.h; path = TTTabBarController.h; sourceTree = "<group>"; };
		80AEF1DD20E4E3DB0028FDB1 /* TTTabBarController.m */ = {isa = PBXFileReference; lastKnownFileType = sourcecode.c.objc; path = TTTabBarController.m; sourceTree = "<group>"; };
		80AEF1DF20E4E4370028FDB1 /* TTBaseViewController.h */ = {isa = PBXFileReference; lastKnownFileType = sourcecode.c.h; path = TTBaseViewController.h; sourceTree = "<group>"; };
		80AEF1E020E4E4370028FDB1 /* TTBaseViewController.m */ = {isa = PBXFileReference; lastKnownFileType = sourcecode.c.objc; path = TTBaseViewController.m; sourceTree = "<group>"; };
		80AEF1E220E4E7370028FDB1 /* TTBaseView.h */ = {isa = PBXFileReference; lastKnownFileType = sourcecode.c.h; path = TTBaseView.h; sourceTree = "<group>"; };
		80AEF1E320E4E7370028FDB1 /* TTBaseView.m */ = {isa = PBXFileReference; lastKnownFileType = sourcecode.c.objc; path = TTBaseView.m; sourceTree = "<group>"; };
		80AEF1E620E4E8650028FDB1 /* FirstViewController.h */ = {isa = PBXFileReference; lastKnownFileType = sourcecode.c.h; path = FirstViewController.h; sourceTree = "<group>"; };
		80AEF1E720E4E8650028FDB1 /* FirstViewController.m */ = {isa = PBXFileReference; lastKnownFileType = sourcecode.c.objc; path = FirstViewController.m; sourceTree = "<group>"; };
		80AEF1E820E4E8650028FDB1 /* FirstViewController.xib */ = {isa = PBXFileReference; lastKnownFileType = file.xib; path = FirstViewController.xib; sourceTree = "<group>"; };
		80FD762620BEAB6300811327 /* Tools.app */ = {isa = PBXFileReference; explicitFileType = wrapper.application; includeInIndex = 0; path = Tools.app; sourceTree = BUILT_PRODUCTS_DIR; };
		80FD763220BEAB6500811327 /* Assets.xcassets */ = {isa = PBXFileReference; lastKnownFileType = folder.assetcatalog; path = Assets.xcassets; sourceTree = "<group>"; };
		80FD763520BEAB6500811327 /* Base */ = {isa = PBXFileReference; lastKnownFileType = file.storyboard; name = Base; path = Base.lproj/LaunchScreen.storyboard; sourceTree = "<group>"; };
		80FD763720BEAB6500811327 /* Info.plist */ = {isa = PBXFileReference; lastKnownFileType = text.plist.xml; path = Info.plist; sourceTree = "<group>"; };
		80FD763820BEAB6500811327 /* main.m */ = {isa = PBXFileReference; lastKnownFileType = sourcecode.c.objc; path = main.m; sourceTree = "<group>"; };
		80FD763E20BEAB6500811327 /* ToolsTests.xctest */ = {isa = PBXFileReference; explicitFileType = wrapper.cfbundle; includeInIndex = 0; path = ToolsTests.xctest; sourceTree = BUILT_PRODUCTS_DIR; };
		80FD764220BEAB6500811327 /* ToolsTests.m */ = {isa = PBXFileReference; lastKnownFileType = sourcecode.c.objc; path = ToolsTests.m; sourceTree = "<group>"; };
		80FD764420BEAB6500811327 /* Info.plist */ = {isa = PBXFileReference; lastKnownFileType = text.plist.xml; path = Info.plist; sourceTree = "<group>"; };
		80FD764920BEAB6500811327 /* ToolsUITests.xctest */ = {isa = PBXFileReference; explicitFileType = wrapper.cfbundle; includeInIndex = 0; path = ToolsUITests.xctest; sourceTree = BUILT_PRODUCTS_DIR; };
		80FD764D20BEAB6500811327 /* ToolsUITests.m */ = {isa = PBXFileReference; lastKnownFileType = sourcecode.c.objc; path = ToolsUITests.m; sourceTree = "<group>"; };
		80FD764F20BEAB6500811327 /* Info.plist */ = {isa = PBXFileReference; lastKnownFileType = text.plist.xml; path = Info.plist; sourceTree = "<group>"; };
/* End PBXFileReference section */

/* Begin PBXFrameworksBuildPhase section */
		80FD762320BEAB6300811327 /* Frameworks */ = {
			isa = PBXFrameworksBuildPhase;
			buildActionMask = 2147483647;
			files = (
			);
			runOnlyForDeploymentPostprocessing = 0;
		};
		80FD763B20BEAB6500811327 /* Frameworks */ = {
			isa = PBXFrameworksBuildPhase;
			buildActionMask = 2147483647;
			files = (
			);
			runOnlyForDeploymentPostprocessing = 0;
		};
		80FD764620BEAB6500811327 /* Frameworks */ = {
			isa = PBXFrameworksBuildPhase;
			buildActionMask = 2147483647;
			files = (
			);
			runOnlyForDeploymentPostprocessing = 0;
		};
/* End PBXFrameworksBuildPhase section */

/* Begin PBXGroup section */
		8090FA5720E9D4430056946D /* thirdLib */ = {
			isa = PBXGroup;
			children = (
				8090FAC820EA2E310056946D /* MBProgressHUD */,
				8090FA7C20E9D82C0056946D /* YYModel */,
				8090FA5820E9D6790056946D /* Masonry */,
			);
			path = thirdLib;
			sourceTree = "<group>";
		};
		8090FA5820E9D6790056946D /* Masonry */ = {
			isa = PBXGroup;
			children = (
				8090FA6D20E9D6790056946D /* Masonry.h */,
				8090FA6120E9D6790056946D /* MASUtilities.h */,
				8090FA5920E9D6790056946D /* MASCompositeConstraint.h */,
				8090FA5A20E9D6790056946D /* NSLayoutConstraint+MASDebugAdditions.m */,
				8090FA5B20E9D6790056946D /* MASConstraint+Private.h */,
				8090FA5C20E9D6790056946D /* MASLayoutConstraint.h */,
				8090FA5D20E9D6790056946D /* NSArray+MASShorthandAdditions.h */,
				8090FA5E20E9D6790056946D /* MASConstraintMaker.h */,
				8090FA5F20E9D6790056946D /* View+MASAdditions.h */,
				8090FA6020E9D6790056946D /* NSArray+MASAdditions.h */,
				8090FA6220E9D6790056946D /* MASViewAttribute.h */,
				8090FA6320E9D6790056946D /* ViewController+MASAdditions.m */,
				8090FA6420E9D6790056946D /* MASViewConstraint.h */,
				8090FA6520E9D6790056946D /* MASConstraint.h */,
				8090FA6620E9D6790056946D /* NSLayoutConstraint+MASDebugAdditions.h */,
				8090FA6720E9D6790056946D /* MASCompositeConstraint.m */,
				8090FA6820E9D6790056946D /* MASConstraintMaker.m */,
				8090FA6920E9D6790056946D /* MASLayoutConstraint.m */,
				8090FA6A20E9D6790056946D /* NSArray+MASAdditions.m */,
				8090FA6B20E9D6790056946D /* View+MASAdditions.m */,
				8090FA6C20E9D6790056946D /* View+MASShorthandAdditions.h */,
				8090FA6E20E9D6790056946D /* MASConstraint.m */,
				8090FA6F20E9D6790056946D /* ViewController+MASAdditions.h */,
				8090FA7020E9D6790056946D /* MASViewConstraint.m */,
				8090FA7120E9D6790056946D /* MASViewAttribute.m */,
			);
			path = Masonry;
			sourceTree = "<group>";
		};
		8090FA7C20E9D82C0056946D /* YYModel */ = {
			isa = PBXGroup;
			children = (
				8090FA7E20E9D82D0056946D /* YYModel.h */,
				8090FA7D20E9D82D0056946D /* YYClassInfo.h */,
				8090FA8020E9D82D0056946D /* YYClassInfo.m */,
				8090FA8120E9D82D0056946D /* NSObject+YYModel.h */,
				8090FA7F20E9D82D0056946D /* NSObject+YYModel.m */,
			);
			path = YYModel;
			sourceTree = "<group>";
		};
		8090FAAA20EA0DC60056946D /* General */ = {
			isa = PBXGroup;
			children = (
				8090FAAB20EA0DC60056946D /* TTConstant.h */,
				8090FAAF20EA0DC60056946D /* TTConstant.m */,
				8090FAAE20EA0DC60056946D /* TTUtility.h */,
				8090FAAC20EA0DC60056946D /* TTUtility.m */,
				8090FAC420EA28520056946D /* UIFont+System */,
				8090FAC320EA28270056946D /* PlaceholderTextView */,
			);
			path = General;
			sourceTree = "<group>";
		};
		8090FAC320EA28270056946D /* PlaceholderTextView */ = {
			isa = PBXGroup;
			children = (
				8090FAAD20EA0DC60056946D /* TTPlaceholderTextView.h */,
				8090FAB020EA0DC60056946D /* TTPlaceholderTextView.m */,
			);
			path = PlaceholderTextView;
			sourceTree = "<group>";
		};
		8090FAC420EA28520056946D /* UIFont+System */ = {
			isa = PBXGroup;
			children = (
				8090FAC520EA288C0056946D /* UIFont+TTSystem.h */,
				8090FAC620EA288C0056946D /* UIFont+TTSystem.m */,
			);
			path = "UIFont+System";
			sourceTree = "<group>";
		};
		8090FAC820EA2E310056946D /* MBProgressHUD */ = {
			isa = PBXGroup;
			children = (
				8090FACA20EA2E730056946D /* MBProgressHUD.h */,
				8090FAC920EA2E730056946D /* MBProgressHUD.m */,
			);
			path = MBProgressHUD;
			sourceTree = "<group>";
		};
		80AEF1CF20E4C4BF0028FDB1 /* Resources */ = {
			isa = PBXGroup;
			children = (
				80FD763720BEAB6500811327 /* Info.plist */,
				80AEF1D020E4C5220028FDB1 /* TTMacro.pch */,
			);
			path = Resources;
			sourceTree = "<group>";
		};
		80AEF1D420E4CADE0028FDB1 /* Main */ = {
			isa = PBXGroup;
			children = (
				80FD763820BEAB6500811327 /* main.m */,
				80AEF1D520E4CB1D0028FDB1 /* TTAppDelegate.h */,
				80AEF1D620E4CB1D0028FDB1 /* TTAppDelegate.m */,
				8090FAC020EA10F00056946D /* TTAppDelegate+GlobalAction.h */,
				8090FAC120EA10F00056946D /* TTAppDelegate+GlobalAction.m */,
			);
			path = Main;
			sourceTree = "<group>";
		};
		80AEF1D820E4E1630028FDB1 /* Base */ = {
			isa = PBXGroup;
			children = (
				80AEF1D920E4E1B00028FDB1 /* TTNavigationController.h */,
				80AEF1DA20E4E1B00028FDB1 /* TTNavigationController.m */,
				80AEF1DC20E4E3DB0028FDB1 /* TTTabBarController.h */,
				80AEF1DD20E4E3DB0028FDB1 /* TTTabBarController.m */,
				80AEF1DF20E4E4370028FDB1 /* TTBaseViewController.h */,
				80AEF1E020E4E4370028FDB1 /* TTBaseViewController.m */,
				80AEF1E220E4E7370028FDB1 /* TTBaseView.h */,
				80AEF1E320E4E7370028FDB1 /* TTBaseView.m */,
			);
			path = Base;
			sourceTree = "<group>";
		};
		80AEF1E520E4E82D0028FDB1 /* Modules */ = {
			isa = PBXGroup;
			children = (
				80AEF1E620E4E8650028FDB1 /* FirstViewController.h */,
				80AEF1E720E4E8650028FDB1 /* FirstViewController.m */,
				80AEF1E820E4E8650028FDB1 /* FirstViewController.xib */,
				8015BE9E2215445400D59255 /* TTTestView.h */,
				8015BE9F2215445400D59255 /* TTTestView.m */,
			);
			path = Modules;
			sourceTree = "<group>";
		};
		80FD761D20BEAB6300811327 = {
			isa = PBXGroup;
			children = (
				80FD762820BEAB6300811327 /* Tools */,
				80FD764120BEAB6500811327 /* ToolsTests */,
				80FD764C20BEAB6500811327 /* ToolsUITests */,
				80FD762720BEAB6300811327 /* Products */,
			);
			sourceTree = "<group>";
		};
		80FD762720BEAB6300811327 /* Products */ = {
			isa = PBXGroup;
			children = (
				80FD762620BEAB6300811327 /* Tools.app */,
				80FD763E20BEAB6500811327 /* ToolsTests.xctest */,
				80FD764920BEAB6500811327 /* ToolsUITests.xctest */,
			);
			name = Products;
			sourceTree = "<group>";
		};
		80FD762820BEAB6300811327 /* Tools */ = {
			isa = PBXGroup;
			children = (
				80AEF1D420E4CADE0028FDB1 /* Main */,
				80AEF1E520E4E82D0028FDB1 /* Modules */,
				80AEF1D820E4E1630028FDB1 /* Base */,
				8090FAAA20EA0DC60056946D /* General */,
				8090FA5720E9D4430056946D /* thirdLib */,
				80AEF1CF20E4C4BF0028FDB1 /* Resources */,
				80FD763220BEAB6500811327 /* Assets.xcassets */,
				80FD763420BEAB6500811327 /* LaunchScreen.storyboard */,
			);
			path = Tools;
			sourceTree = "<group>";
		};
		80FD764120BEAB6500811327 /* ToolsTests */ = {
			isa = PBXGroup;
			children = (
				80FD764220BEAB6500811327 /* ToolsTests.m */,
				80FD764420BEAB6500811327 /* Info.plist */,
			);
			path = ToolsTests;
			sourceTree = "<group>";
		};
		80FD764C20BEAB6500811327 /* ToolsUITests */ = {
			isa = PBXGroup;
			children = (
				80FD764D20BEAB6500811327 /* ToolsUITests.m */,
				80FD764F20BEAB6500811327 /* Info.plist */,
			);
			path = ToolsUITests;
			sourceTree = "<group>";
		};
/* End PBXGroup section */

/* Begin PBXNativeTarget section */
		80FD762520BEAB6300811327 /* Tools */ = {
			isa = PBXNativeTarget;
			buildConfigurationList = 80FD765220BEAB6500811327 /* Build configuration list for PBXNativeTarget "Tools" */;
			buildPhases = (
				80FD762220BEAB6300811327 /* Sources */,
				80FD762320BEAB6300811327 /* Frameworks */,
				80FD762420BEAB6300811327 /* Resources */,
			);
			buildRules = (
			);
			dependencies = (
			);
			name = Tools;
			productName = Tools;
			productReference = 80FD762620BEAB6300811327 /* Tools.app */;
			productType = "com.apple.product-type.application";
		};
		80FD763D20BEAB6500811327 /* ToolsTests */ = {
			isa = PBXNativeTarget;
			buildConfigurationList = 80FD765520BEAB6500811327 /* Build configuration list for PBXNativeTarget "ToolsTests" */;
			buildPhases = (
				80FD763A20BEAB6500811327 /* Sources */,
				80FD763B20BEAB6500811327 /* Frameworks */,
				80FD763C20BEAB6500811327 /* Resources */,
			);
			buildRules = (
			);
			dependencies = (
				80FD764020BEAB6500811327 /* PBXTargetDependency */,
			);
			name = ToolsTests;
			productName = ToolsTests;
			productReference = 80FD763E20BEAB6500811327 /* ToolsTests.xctest */;
			productType = "com.apple.product-type.bundle.unit-test";
		};
		80FD764820BEAB6500811327 /* ToolsUITests */ = {
			isa = PBXNativeTarget;
			buildConfigurationList = 80FD765820BEAB6500811327 /* Build configuration list for PBXNativeTarget "ToolsUITests" */;
			buildPhases = (
				80FD764520BEAB6500811327 /* Sources */,
				80FD764620BEAB6500811327 /* Frameworks */,
				80FD764720BEAB6500811327 /* Resources */,
			);
			buildRules = (
			);
			dependencies = (
				80FD764B20BEAB6500811327 /* PBXTargetDependency */,
			);
			name = ToolsUITests;
			productName = ToolsUITests;
			productReference = 80FD764920BEAB6500811327 /* ToolsUITests.xctest */;
			productType = "com.apple.product-type.bundle.ui-testing";
		};
/* End PBXNativeTarget section */

/* Begin PBXProject section */
		80FD761E20BEAB6300811327 /* Project object */ = {
			isa = PBXProject;
			attributes = {
				CLASSPREFIX = TT;
				LastUpgradeCheck = 0930;
				ORGANIZATIONNAME = tangbowen;
				TargetAttributes = {
					80FD762520BEAB6300811327 = {
						CreatedOnToolsVersion = 9.3;
					};
					80FD763D20BEAB6500811327 = {
						CreatedOnToolsVersion = 9.3;
						TestTargetID = 80FD762520BEAB6300811327;
					};
					80FD764820BEAB6500811327 = {
						CreatedOnToolsVersion = 9.3;
						TestTargetID = 80FD762520BEAB6300811327;
					};
				};
			};
			buildConfigurationList = 80FD762120BEAB6300811327 /* Build configuration list for PBXProject "Tools" */;
			compatibilityVersion = "Xcode 9.3";
			developmentRegion = en;
			hasScannedForEncodings = 0;
			knownRegions = (
				en,
				Base,
			);
			mainGroup = 80FD761D20BEAB6300811327;
			productRefGroup = 80FD762720BEAB6300811327 /* Products */;
			projectDirPath = "";
			projectRoot = "";
			targets = (
				80FD762520BEAB6300811327 /* Tools */,
				80FD763D20BEAB6500811327 /* ToolsTests */,
				80FD764820BEAB6500811327 /* ToolsUITests */,
			);
		};
/* End PBXProject section */

/* Begin PBXResourcesBuildPhase section */
		80FD762420BEAB6300811327 /* Resources */ = {
			isa = PBXResourcesBuildPhase;
			buildActionMask = 2147483647;
			files = (
				80FD763620BEAB6500811327 /* LaunchScreen.storyboard in Resources */,
				80AEF1EA20E4E8650028FDB1 /* FirstViewController.xib in Resources */,
				80FD763320BEAB6500811327 /* Assets.xcassets in Resources */,
			);
			runOnlyForDeploymentPostprocessing = 0;
		};
		80FD763C20BEAB6500811327 /* Resources */ = {
			isa = PBXResourcesBuildPhase;
			buildActionMask = 2147483647;
			files = (
			);
			runOnlyForDeploymentPostprocessing = 0;
		};
		80FD764720BEAB6500811327 /* Resources */ = {
			isa = PBXResourcesBuildPhase;
			buildActionMask = 2147483647;
			files = (
			);
			runOnlyForDeploymentPostprocessing = 0;
		};
/* End PBXResourcesBuildPhase section */

/* Begin PBXSourcesBuildPhase section */
		80FD762220BEAB6300811327 /* Sources */ = {
			isa = PBXSourcesBuildPhase;
			buildActionMask = 2147483647;
			files = (
				8090FA7220E9D6790056946D /* NSLayoutConstraint+MASDebugAdditions.m in Sources */,
				8090FAC720EA288C0056946D /* UIFont+TTSystem.m in Sources */,
				80AEF1D720E4CB1D0028FDB1 /* TTAppDelegate.m in Sources */,
				8090FABD20EA0DC60056946D /* TTUtility.m in Sources */,
				8090FA7920E9D6790056946D /* MASConstraint.m in Sources */,
				8090FA7A20E9D6790056946D /* MASViewConstraint.m in Sources */,
				8090FA7320E9D6790056946D /* ViewController+MASAdditions.m in Sources */,
				8090FA7B20E9D6790056946D /* MASViewAttribute.m in Sources */,
				8090FA7420E9D6790056946D /* MASCompositeConstraint.m in Sources */,
				8090FA7820E9D6790056946D /* View+MASAdditions.m in Sources */,
				8090FA8220E9D82D0056946D /* NSObject+YYModel.m in Sources */,
				8090FABE20EA0DC60056946D /* TTConstant.m in Sources */,
				8015BEA02215445400D59255 /* TTTestView.m in Sources */,
				80AEF1DE20E4E3DB0028FDB1 /* TTTabBarController.m in Sources */,
				80AEF1E120E4E4370028FDB1 /* TTBaseViewController.m in Sources */,
				8090FA8320E9D82D0056946D /* YYClassInfo.m in Sources */,
				8090FA7620E9D6790056946D /* MASLayoutConstraint.m in Sources */,
				8090FA7520E9D6790056946D /* MASConstraintMaker.m in Sources */,
				8090FACB20EA2E730056946D /* MBProgressHUD.m in Sources */,
				80FD763920BEAB6500811327 /* main.m in Sources */,
				8090FAC220EA10F00056946D /* TTAppDelegate+GlobalAction.m in Sources */,
				80AEF1DB20E4E1B00028FDB1 /* TTNavigationController.m in Sources */,
				80AEF1E420E4E7370028FDB1 /* TTBaseView.m in Sources */,
				8090FA7720E9D6790056946D /* NSArray+MASAdditions.m in Sources */,
				80AEF1E920E4E8650028FDB1 /* FirstViewController.m in Sources */,
				8090FABF20EA0DC60056946D /* TTPlaceholderTextView.m in Sources */,
			);
			runOnlyForDeploymentPostprocessing = 0;
		};
		80FD763A20BEAB6500811327 /* Sources */ = {
			isa = PBXSourcesBuildPhase;
			buildActionMask = 2147483647;
			files = (
				80FD764320BEAB6500811327 /* ToolsTests.m in Sources */,
			);
			runOnlyForDeploymentPostprocessing = 0;
		};
		80FD764520BEAB6500811327 /* Sources */ = {
			isa = PBXSourcesBuildPhase;
			buildActionMask = 2147483647;
			files = (
				80FD764E20BEAB6500811327 /* ToolsUITests.m in Sources */,
			);
			runOnlyForDeploymentPostprocessing = 0;
		};
/* End PBXSourcesBuildPhase section */

/* Begin PBXTargetDependency section */
		80FD764020BEAB6500811327 /* PBXTargetDependency */ = {
			isa = PBXTargetDependency;
			target = 80FD762520BEAB6300811327 /* Tools */;
			targetProxy = 80FD763F20BEAB6500811327 /* PBXContainerItemProxy */;
		};
		80FD764B20BEAB6500811327 /* PBXTargetDependency */ = {
			isa = PBXTargetDependency;
			target = 80FD762520BEAB6300811327 /* Tools */;
			targetProxy = 80FD764A20BEAB6500811327 /* PBXContainerItemProxy */;
		};
/* End PBXTargetDependency section */

/* Begin PBXVariantGroup section */
		80FD763420BEAB6500811327 /* LaunchScreen.storyboard */ = {
			isa = PBXVariantGroup;
			children = (
				80FD763520BEAB6500811327 /* Base */,
			);
			name = LaunchScreen.storyboard;
			sourceTree = "<group>";
		};
/* End PBXVariantGroup section */

/* Begin XCBuildConfiguration section */
		80FD765020BEAB6500811327 /* Debug */ = {
			isa = XCBuildConfiguration;
			buildSettings = {
				ALWAYS_SEARCH_USER_PATHS = NO;
				CLANG_ANALYZER_NONNULL = YES;
				CLANG_ANALYZER_NUMBER_OBJECT_CONVERSION = YES_AGGRESSIVE;
				CLANG_CXX_LANGUAGE_STANDARD = "gnu++14";
				CLANG_CXX_LIBRARY = "libc++";
				CLANG_ENABLE_MODULES = YES;
				CLANG_ENABLE_OBJC_ARC = YES;
				CLANG_ENABLE_OBJC_WEAK = YES;
				CLANG_WARN_BLOCK_CAPTURE_AUTORELEASING = YES;
				CLANG_WARN_BOOL_CONVERSION = YES;
				CLANG_WARN_COMMA = YES;
				CLANG_WARN_CONSTANT_CONVERSION = YES;
				CLANG_WARN_DEPRECATED_OBJC_IMPLEMENTATIONS = YES;
				CLANG_WARN_DIRECT_OBJC_ISA_USAGE = YES_ERROR;
				CLANG_WARN_DOCUMENTATION_COMMENTS = YES;
				CLANG_WARN_EMPTY_BODY = YES;
				CLANG_WARN_ENUM_CONVERSION = YES;
				CLANG_WARN_INFINITE_RECURSION = YES;
				CLANG_WARN_INT_CONVERSION = YES;
				CLANG_WARN_NON_LITERAL_NULL_CONVERSION = YES;
				CLANG_WARN_OBJC_IMPLICIT_RETAIN_SELF = YES;
				CLANG_WARN_OBJC_LITERAL_CONVERSION = YES;
				CLANG_WARN_OBJC_ROOT_CLASS = YES_ERROR;
				CLANG_WARN_RANGE_LOOP_ANALYSIS = YES;
				CLANG_WARN_STRICT_PROTOTYPES = YES;
				CLANG_WARN_SUSPICIOUS_MOVE = YES;
				CLANG_WARN_UNGUARDED_AVAILABILITY = YES_AGGRESSIVE;
				CLANG_WARN_UNREACHABLE_CODE = YES;
				CLANG_WARN__DUPLICATE_METHOD_MATCH = YES;
				CODE_SIGN_IDENTITY = "iPhone Developer";
				COPY_PHASE_STRIP = NO;
				DEBUG_INFORMATION_FORMAT = dwarf;
				ENABLE_STRICT_OBJC_MSGSEND = YES;
				ENABLE_TESTABILITY = YES;
				GCC_C_LANGUAGE_STANDARD = gnu11;
				GCC_DYNAMIC_NO_PIC = NO;
				GCC_NO_COMMON_BLOCKS = YES;
				GCC_OPTIMIZATION_LEVEL = 0;
				GCC_PREPROCESSOR_DEFINITIONS = (
					"DEBUG=1",
					"$(inherited)",
				);
				GCC_WARN_64_TO_32_BIT_CONVERSION = YES;
				GCC_WARN_ABOUT_RETURN_TYPE = YES_ERROR;
				GCC_WARN_UNDECLARED_SELECTOR = YES;
				GCC_WARN_UNINITIALIZED_AUTOS = YES_AGGRESSIVE;
				GCC_WARN_UNUSED_FUNCTION = YES;
				GCC_WARN_UNUSED_VARIABLE = YES;
				IPHONEOS_DEPLOYMENT_TARGET = 11.3;
				MTL_ENABLE_DEBUG_INFO = YES;
				ONLY_ACTIVE_ARCH = YES;
				SDKROOT = iphoneos;
			};
			name = Debug;
		};
		80FD765120BEAB6500811327 /* Release */ = {
			isa = XCBuildConfiguration;
			buildSettings = {
				ALWAYS_SEARCH_USER_PATHS = NO;
				CLANG_ANALYZER_NONNULL = YES;
				CLANG_ANALYZER_NUMBER_OBJECT_CONVERSION = YES_AGGRESSIVE;
				CLANG_CXX_LANGUAGE_STANDARD = "gnu++14";
				CLANG_CXX_LIBRARY = "libc++";
				CLANG_ENABLE_MODULES = YES;
				CLANG_ENABLE_OBJC_ARC = YES;
				CLANG_ENABLE_OBJC_WEAK = YES;
				CLANG_WARN_BLOCK_CAPTURE_AUTORELEASING = YES;
				CLANG_WARN_BOOL_CONVERSION = YES;
				CLANG_WARN_COMMA = YES;
				CLANG_WARN_CONSTANT_CONVERSION = YES;
				CLANG_WARN_DEPRECATED_OBJC_IMPLEMENTATIONS = YES;
				CLANG_WARN_DIRECT_OBJC_ISA_USAGE = YES_ERROR;
				CLANG_WARN_DOCUMENTATION_COMMENTS = YES;
				CLANG_WARN_EMPTY_BODY = YES;
				CLANG_WARN_ENUM_CONVERSION = YES;
				CLANG_WARN_INFINITE_RECURSION = YES;
				CLANG_WARN_INT_CONVERSION = YES;
				CLANG_WARN_NON_LITERAL_NULL_CONVERSION = YES;
				CLANG_WARN_OBJC_IMPLICIT_RETAIN_SELF = YES;
				CLANG_WARN_OBJC_LITERAL_CONVERSION = YES;
				CLANG_WARN_OBJC_ROOT_CLASS = YES_ERROR;
				CLANG_WARN_RANGE_LOOP_ANALYSIS = YES;
				CLANG_WARN_STRICT_PROTOTYPES = YES;
				CLANG_WARN_SUSPICIOUS_MOVE = YES;
				CLANG_WARN_UNGUARDED_AVAILABILITY = YES_AGGRESSIVE;
				CLANG_WARN_UNREACHABLE_CODE = YES;
				CLANG_WARN__DUPLICATE_METHOD_MATCH = YES;
				CODE_SIGN_IDENTITY = "iPhone Developer";
				COPY_PHASE_STRIP = NO;
				DEBUG_INFORMATION_FORMAT = "dwarf-with-dsym";
				ENABLE_NS_ASSERTIONS = NO;
				ENABLE_STRICT_OBJC_MSGSEND = YES;
				GCC_C_LANGUAGE_STANDARD = gnu11;
				GCC_NO_COMMON_BLOCKS = YES;
				GCC_WARN_64_TO_32_BIT_CONVERSION = YES;
				GCC_WARN_ABOUT_RETURN_TYPE = YES_ERROR;
				GCC_WARN_UNDECLARED_SELECTOR = YES;
				GCC_WARN_UNINITIALIZED_AUTOS = YES_AGGRESSIVE;
				GCC_WARN_UNUSED_FUNCTION = YES;
				GCC_WARN_UNUSED_VARIABLE = YES;
				IPHONEOS_DEPLOYMENT_TARGET = 11.3;
				MTL_ENABLE_DEBUG_INFO = NO;
				SDKROOT = iphoneos;
				VALIDATE_PRODUCT = YES;
			};
			name = Release;
		};
		80FD765320BEAB6500811327 /* Debug */ = {
			isa = XCBuildConfiguration;
			buildSettings = {
				ASSETCATALOG_COMPILER_APPICON_NAME = AppIcon;
				CODE_SIGN_STYLE = Automatic;
				DEVELOPMENT_TEAM = 6SU7A8H23Y;
				ENABLE_BITCODE = NO;
				GCC_PRECOMPILE_PREFIX_HEADER = YES;
				GCC_PREFIX_HEADER = "$(SRCROOT)/Tools/Resources/TTMacro.pch";
				INFOPLIST_FILE = "$(SRCROOT)/Tools/Resources/Info.plist";
				IPHONEOS_DEPLOYMENT_TARGET = 9.0;
				LD_RUNPATH_SEARCH_PATHS = (
					"$(inherited)",
					"@executable_path/Frameworks",
				);
				PRODUCT_BUNDLE_IDENTIFIER = com.eagle.tools.Tools;
				PRODUCT_NAME = "$(TARGET_NAME)";
				TARGETED_DEVICE_FAMILY = "1,2";
			};
			name = Debug;
		};
		80FD765420BEAB6500811327 /* Release */ = {
			isa = XCBuildConfiguration;
			buildSettings = {
				ASSETCATALOG_COMPILER_APPICON_NAME = AppIcon;
				CODE_SIGN_STYLE = Automatic;
				DEVELOPMENT_TEAM = 6SU7A8H23Y;
				ENABLE_BITCODE = NO;
				GCC_PRECOMPILE_PREFIX_HEADER = YES;
				GCC_PREFIX_HEADER = "$(SRCROOT)/Tools/Resources/TTMacro.pch";
				INFOPLIST_FILE = "$(SRCROOT)/Tools/Resources/Info.plist";
				IPHONEOS_DEPLOYMENT_TARGET = 9.0;
				LD_RUNPATH_SEARCH_PATHS = (
					"$(inherited)",
					"@executable_path/Frameworks",
				);
				PRODUCT_BUNDLE_IDENTIFIER = com.eagle.tools.Tools;
				PRODUCT_NAME = "$(TARGET_NAME)";
				TARGETED_DEVICE_FAMILY = "1,2";
			};
			name = Release;
		};
		80FD765620BEAB6500811327 /* Debug */ = {
			isa = XCBuildConfiguration;
			buildSettings = {
				BUNDLE_LOADER = "$(TEST_HOST)";
				CODE_SIGN_STYLE = Automatic;
				DEVELOPMENT_TEAM = 6SU7A8H23Y;
				INFOPLIST_FILE = ToolsTests/Info.plist;
				LD_RUNPATH_SEARCH_PATHS = (
					"$(inherited)",
					"@executable_path/Frameworks",
					"@loader_path/Frameworks",
				);
				PRODUCT_BUNDLE_IDENTIFIER = com.eagle.tools.ToolsTests;
				PRODUCT_NAME = "$(TARGET_NAME)";
				TARGETED_DEVICE_FAMILY = "1,2";
				TEST_HOST = "$(BUILT_PRODUCTS_DIR)/Tools.app/Tools";
			};
			name = Debug;
		};
		80FD765720BEAB6500811327 /* Release */ = {
			isa = XCBuildConfiguration;
			buildSettings = {
				BUNDLE_LOADER = "$(TEST_HOST)";
				CODE_SIGN_STYLE = Automatic;
				DEVELOPMENT_TEAM = 6SU7A8H23Y;
				INFOPLIST_FILE = ToolsTests/Info.plist;
				LD_RUNPATH_SEARCH_PATHS = (
					"$(inherited)",
					"@executable_path/Frameworks",
					"@loader_path/Frameworks",
				);
				PRODUCT_BUNDLE_IDENTIFIER = com.eagle.tools.ToolsTests;
				PRODUCT_NAME = "$(TARGET_NAME)";
				TARGETED_DEVICE_FAMILY = "1,2";
				TEST_HOST = "$(BUILT_PRODUCTS_DIR)/Tools.app/Tools";
			};
			name = Release;
		};
		80FD765920BEAB6500811327 /* Debug */ = {
			isa = XCBuildConfiguration;
			buildSettings = {
				CODE_SIGN_STYLE = Automatic;
				DEVELOPMENT_TEAM = 6SU7A8H23Y;
				INFOPLIST_FILE = ToolsUITests/Info.plist;
				LD_RUNPATH_SEARCH_PATHS = (
					"$(inherited)",
					"@executable_path/Frameworks",
					"@loader_path/Frameworks",
				);
				PRODUCT_BUNDLE_IDENTIFIER = com.eagle.tools.ToolsUITests;
				PRODUCT_NAME = "$(TARGET_NAME)";
				TARGETED_DEVICE_FAMILY = "1,2";
				TEST_TARGET_NAME = Tools;
			};
			name = Debug;
		};
		80FD765A20BEAB6500811327 /* Release */ = {
			isa = XCBuildConfiguration;
			buildSettings = {
				CODE_SIGN_STYLE = Automatic;
				DEVELOPMENT_TEAM = 6SU7A8H23Y;
				INFOPLIST_FILE = ToolsUITests/Info.plist;
				LD_RUNPATH_SEARCH_PATHS = (
					"$(inherited)",
					"@executable_path/Frameworks",
					"@loader_path/Frameworks",
				);
				PRODUCT_BUNDLE_IDENTIFIER = com.eagle.tools.ToolsUITests;
				PRODUCT_NAME = "$(TARGET_NAME)";
				TARGETED_DEVICE_FAMILY = "1,2";
				TEST_TARGET_NAME = Tools;
			};
			name = Release;
		};
/* End XCBuildConfiguration section */

/* Begin XCConfigurationList section */
		80FD762120BEAB6300811327 /* Build configuration list for PBXProject "Tools" */ = {
			isa = XCConfigurationList;
			buildConfigurations = (
				80FD765020BEAB6500811327 /* Debug */,
				80FD765120BEAB6500811327 /* Release */,
			);
			defaultConfigurationIsVisible = 0;
			defaultConfigurationName = Release;
		};
		80FD765220BEAB6500811327 /* Build configuration list for PBXNativeTarget "Tools" */ = {
			isa = XCConfigurationList;
			buildConfigurations = (
				80FD765320BEAB6500811327 /* Debug */,
				80FD765420BEAB6500811327 /* Release */,
			);
			defaultConfigurationIsVisible = 0;
			defaultConfigurationName = Release;
		};
		80FD765520BEAB6500811327 /* Build configuration list for PBXNativeTarget "ToolsTests" */ = {
			isa = XCConfigurationList;
			buildConfigurations = (
				80FD765620BEAB6500811327 /* Debug */,
				80FD765720BEAB6500811327 /* Release */,
			);
			defaultConfigurationIsVisible = 0;
			defaultConfigurationName = Release;
		};
		80FD765820BEAB6500811327 /* Build configuration list for PBXNativeTarget "ToolsUITests" */ = {
			isa = XCConfigurationList;
			buildConfigurations = (
				80FD765920BEAB6500811327 /* Debug */,
				80FD765A20BEAB6500811327 /* Release */,
			);
			defaultConfigurationIsVisible = 0;
			defaultConfigurationName = Release;
		};
/* End XCConfigurationList section */
	};
	rootObject = 80FD761E20BEAB6300811327 /* Project object */;
}
